
Microsoft Visual Studio Solution File, Format Version 12.00
# Visual Studio Version 17
VisualStudioVersion = 17.8.34309.116
MinimumVisualStudioVersion = 10.0.40219.1
Project("{FAE04EC0-301F-11D3-BF4B-00C04F79EFBC}") = "airplane_management_system", "airplane_management_system.csproj", "{B6D5CAFD-BC16-440F-86A2-EC3AB71C1E1F}"
EndProject
Global
	GlobalSection(SolutionConfigurationPlatforms) = preSolution
		Debug|Any CPU = Debug|Any CPU
		Release|Any CPU = Release|Any CPU
	EndGlobalSection
	GlobalSection(ProjectConfigurationPlatforms) = postSolution
		{B6D5CAFD-BC16-440F-86A2-EC3AB71C1E1F}.Debug|Any CPU.ActiveCfg = Debug|Any CPU
		{B6D5CAFD-BC16-440F-86A2-EC3AB71C1E1F}.Debug|Any CPU.Build.0 = Debug|Any CPU
		{B6D5CAFD-BC16-440F-86A2-EC3AB71C1E1F}.Release|Any CPU.ActiveCfg = Release|Any CPU
		{B6D5CAFD-BC16-440F-86A2-EC3AB71C1E1F}.Release|Any CPU.Build.0 = Release|Any CPU
	EndGlobalSection
	GlobalSection(SolutionProperties) = preSolution
		HideSolutionNode = FALSE
	EndGlobalSection
	GlobalSection(ExtensibilityGlobals) = postSolution
		SolutionGuid = {BEECD2E8-EC29-422A-95E7-0279F8E270BD}
	EndGlobalSection
EndGlobal
